
Microsoft Visual Studio Solution File, Format Version 12.00
# Visual Studio Version 17
VisualStudioVersion = 17.0.31903.59
MinimumVisualStudioVersion = 10.0.40219.1
Project("{FAE04EC0-301F-11D3-BF4B-00C04F79EFBC}") = "TalentPlus.Domain", "TalentPlus.Domain\TalentPlus.Domain.csproj", "{769482AF-7D93-4816-8667-0B62F276851C}"
EndProject
Project("{FAE04EC0-301F-11D3-BF4B-00C04F79EFBC}") = "TalentPlus.Application", "TalentPlus.Application\TalentPlus.Application.csproj", "{6971DF6A-0978-4344-B27A-B8856021CBCC}"
EndProject
Project("{FAE04EC0-301F-11D3-BF4B-00C04F79EFBC}") = "TalentPlus.Infraestructure", "TalentPlus.Infraestructure\TalentPlus.Infraestructure.csproj", "{76E5A09F-55BD-4466-A181-B2676AC7293E}"
EndProject
Project("{FAE04EC0-301F-11D3-BF4B-00C04F79EFBC}") = "TalentPlus.Web", "TalentPlus.Web\TalentPlus.Web.csproj", "{EEA6C777-0AF6-4E6C-B94E-54F721E82E41}"
EndProject
Project("{FAE04EC0-301F-11D3-BF4B-00C04F79EFBC}") = "TalentPlus.Tests", "TalentPlus.Tests\TalentPlus.Tests.csproj", "{C0CC85EB-10E5-493B-B40E-331E764C40A9}"
EndProject
Global
	GlobalSection(SolutionConfigurationPlatforms) = preSolution
		Debug|Any CPU = Debug|Any CPU
		Debug|x64 = Debug|x64
		Debug|x86 = Debug|x86
		Release|Any CPU = Release|Any CPU
		Release|x64 = Release|x64
		Release|x86 = Release|x86
	EndGlobalSection
	GlobalSection(ProjectConfigurationPlatforms) = postSolution
		{769482AF-7D93-4816-8667-0B62F276851C}.Debug|Any CPU.ActiveCfg = Debug|Any CPU
		{769482AF-7D93-4816-8667-0B62F276851C}.Debug|Any CPU.Build.0 = Debug|Any CPU
		{769482AF-7D93-4816-8667-0B62F276851C}.Debug|x64.ActiveCfg = Debug|Any CPU
		{769482AF-7D93-4816-8667-0B62F276851C}.Debug|x64.Build.0 = Debug|Any CPU
		{769482AF-7D93-4816-8667-0B62F276851C}.Debug|x86.ActiveCfg = Debug|Any CPU
		{769482AF-7D93-4816-8667-0B62F276851C}.Debug|x86.Build.0 = Debug|Any CPU
		{769482AF-7D93-4816-8667-0B62F276851C}.Release|Any CPU.ActiveCfg = Release|Any CPU
		{769482AF-7D93-4816-8667-0B62F276851C}.Release|Any CPU.Build.0 = Release|Any CPU
		{769482AF-7D93-4816-8667-0B62F276851C}.Release|x64.ActiveCfg = Release|Any CPU
		{769482AF-7D93-4816-8667-0B62F276851C}.Release|x64.Build.0 = Release|Any CPU
		{769482AF-7D93-4816-8667-0B62F276851C}.Release|x86.ActiveCfg = Release|Any CPU
		{769482AF-7D93-4816-8667-0B62F276851C}.Release|x86.Build.0 = Release|Any CPU
		{6971DF6A-0978-4344-B27A-B8856021CBCC}.Debug|Any CPU.ActiveCfg = Debug|Any CPU
		{6971DF6A-0978-4344-B27A-B8856021CBCC}.Debug|Any CPU.Build.0 = Debug|Any CPU
		{6971DF6A-0978-4344-B27A-B8856021CBCC}.Debug|x64.ActiveCfg = Debug|Any CPU
		{6971DF6A-0978-4344-B27A-B8856021CBCC}.Debug|x64.Build.0 = Debug|Any CPU
		{6971DF6A-0978-4344-B27A-B8856021CBCC}.Debug|x86.ActiveCfg = Debug|Any CPU
		{6971DF6A-0978-4344-B27A-B8856021CBCC}.Debug|x86.Build.0 = Debug|Any CPU
		{6971DF6A-0978-4344-B27A-B8856021CBCC}.Release|Any CPU.ActiveCfg = Release|Any CPU
		{6971DF6A-0978-4344-B27A-B8856021CBCC}.Release|Any CPU.Build.0 = Release|Any CPU
		{6971DF6A-0978-4344-B27A-B8856021CBCC}.Release|x64.ActiveCfg = Release|Any CPU
		{6971DF6A-0978-4344-B27A-B8856021CBCC}.Release|x64.Build.0 = Release|Any CPU
		{6971DF6A-0978-4344-B27A-B8856021CBCC}.Release|x86.ActiveCfg = Release|Any CPU
		{6971DF6A-0978-4344-B27A-B8856021CBCC}.Release|x86.Build.0 = Release|Any CPU
		{76E5A09F-55BD-4466-A181-B2676AC7293E}.Debug|Any CPU.ActiveCfg = Debug|Any CPU
		{76E5A09F-55BD-4466-A181-B2676AC7293E}.Debug|Any CPU.Build.0 = Debug|Any CPU
		{76E5A09F-55BD-4466-A181-B2676AC7293E}.Debug|x64.ActiveCfg = Debug|Any CPU
		{76E5A09F-55BD-4466-A181-B2676AC7293E}.Debug|x64.Build.0 = Debug|Any CPU
		{76E5A09F-55BD-4466-A181-B2676AC7293E}.Debug|x86.ActiveCfg = Debug|Any CPU
		{76E5A09F-55BD-4466-A181-B2676AC7293E}.Debug|x86.Build.0 = Debug|Any CPU
		{76E5A09F-55BD-4466-A181-B2676AC7293E}.Release|Any CPU.ActiveCfg = Release|Any CPU
		{76E5A09F-55BD-4466-A181-B2676AC7293E}.Release|Any CPU.Build.0 = Release|Any CPU
		{76E5A09F-55BD-4466-A181-B2676AC7293E}.Release|x64.ActiveCfg = Release|Any CPU
		{76E5A09F-55BD-4466-A181-B2676AC7293E}.Release|x64.Build.0 = Release|Any CPU
		{76E5A09F-55BD-4466-A181-B2676AC7293E}.Release|x86.ActiveCfg = Release|Any CPU
		{76E5A09F-55BD-4466-A181-B2676AC7293E}.Release|x86.Build.0 = Release|Any CPU
		{EEA6C777-0AF6-4E6C-B94E-54F721E82E41}.Debug|Any CPU.ActiveCfg = Debug|Any CPU
		{EEA6C777-0AF6-4E6C-B94E-54F721E82E41}.Debug|Any CPU.Build.0 = Debug|Any CPU
		{EEA6C777-0AF6-4E6C-B94E-54F721E82E41}.Debug|x64.ActiveCfg = Debug|Any CPU
		{EEA6C777-0AF6-4E6C-B94E-54F721E82E41}.Debug|x64.Build.0 = Debug|Any CPU
		{EEA6C777-0AF6-4E6C-B94E-54F721E82E41}.Debug|x86.ActiveCfg = Debug|Any CPU
		{EEA6C777-0AF6-4E6C-B94E-54F721E82E41}.Debug|x86.Build.0 = Debug|Any CPU
		{EEA6C777-0AF6-4E6C-B94E-54F721E82E41}.Release|Any CPU.ActiveCfg = Release|Any CPU
		{EEA6C777-0AF6-4E6C-B94E-54F721E82E41}.Release|Any CPU.Build.0 = Release|Any CPU
		{EEA6C777-0AF6-4E6C-B94E-54F721E82E41}.Release|x64.ActiveCfg = Release|Any CPU
		{EEA6C777-0AF6-4E6C-B94E-54F721E82E41}.Release|x64.Build.0 = Release|Any CPU
		{EEA6C777-0AF6-4E6C-B94E-54F721E82E41}.Release|x86.ActiveCfg = Release|Any CPU
		{EEA6C777-0AF6-4E6C-B94E-54F721E82E41}.Release|x86.Build.0 = Release|Any CPU
		{C0CC85EB-10E5-493B-B40E-331E764C40A9}.Debug|Any CPU.ActiveCfg = Debug|Any CPU
		{C0CC85EB-10E5-493B-B40E-331E764C40A9}.Debug|Any CPU.Build.0 = Debug|Any CPU
		{C0CC85EB-10E5-493B-B40E-331E764C40A9}.Debug|x64.ActiveCfg = Debug|Any CPU
		{C0CC85EB-10E5-493B-B40E-331E764C40A9}.Debug|x64.Build.0 = Debug|Any CPU
		{C0CC85EB-10E5-493B-B40E-331E764C40A9}.Debug|x86.ActiveCfg = Debug|Any CPU
		{C0CC85EB-10E5-493B-B40E-331E764C40A9}.Debug|x86.Build.0 = Debug|Any CPU
		{C0CC85EB-10E5-493B-B40E-331E764C40A9}.Release|Any CPU.ActiveCfg = Release|Any CPU
		{C0CC85EB-10E5-493B-B40E-331E764C40A9}.Release|Any CPU.Build.0 = Release|Any CPU
		{C0CC85EB-10E5-493B-B40E-331E764C40A9}.Release|x64.ActiveCfg = Release|Any CPU
		{C0CC85EB-10E5-493B-B40E-331E764C40A9}.Release|x64.Build.0 = Release|Any CPU
		{C0CC85EB-10E5-493B-B40E-331E764C40A9}.Release|x86.ActiveCfg = Release|Any CPU
		{C0CC85EB-10E5-493B-B40E-331E764C40A9}.Release|x86.Build.0 = Release|Any CPU
	EndGlobalSection
	GlobalSection(SolutionProperties) = preSolution
		HideSolutionNode = FALSE
	EndGlobalSection
EndGlobal
